
Microsoft Visual Studio Solution File, Format Version 12.00
# Visual Studio 15
VisualStudioVersion = 15.0.28307.438
MinimumVisualStudioVersion = 10.0.40219.1
Project("{FAE04EC0-301F-11D3-BF4B-00C04F79EFBC}") = "Flir.Data", "Flir.Data\Flir.Data.csproj", "{BB1E80DE-E6D1-4E29-BC2D-DB66B81163C5}"
EndProject
Project("{FAE04EC0-301F-11D3-BF4B-00C04F79EFBC}") = "Flir.Entities", "Flir.Entities\Flir.Entities.csproj", "{7EC71C6E-E769-4C9E-8327-C72B0724B1B7}"
EndProject
Project("{FAE04EC0-301F-11D3-BF4B-00C04F79EFBC}") = "Flir.SelfHost", "Flir.SelfHost\Flir.SelfHost.csproj", "{57FAA58F-AE3F-4453-B447-23F48DA8E86D}"
EndProject
Project("{FAE04EC0-301F-11D3-BF4B-00C04F79EFBC}") = "Flir.CameraServices", "Flir.CameraServices\Flir.CameraServices.csproj", "{CACCF55D-48D8-4BCF-B101-ED6FD8F35C1B}"
EndProject
Project("{FAE04EC0-301F-11D3-BF4B-00C04F79EFBC}") = "Flir.Services", "Flir.Services\Flir.Services.csproj", "{32B0D9C1-1D9E-4FD2-85D9-680B27FA0C3D}"
EndProject
Global
	GlobalSection(SolutionConfigurationPlatforms) = preSolution
		Debug|Any CPU = Debug|Any CPU
		Release|Any CPU = Release|Any CPU
	EndGlobalSection
	GlobalSection(ProjectConfigurationPlatforms) = postSolution
		{BB1E80DE-E6D1-4E29-BC2D-DB66B81163C5}.Debug|Any CPU.ActiveCfg = Debug|Any CPU
		{BB1E80DE-E6D1-4E29-BC2D-DB66B81163C5}.Debug|Any CPU.Build.0 = Debug|Any CPU
		{BB1E80DE-E6D1-4E29-BC2D-DB66B81163C5}.Release|Any CPU.ActiveCfg = Release|Any CPU
		{BB1E80DE-E6D1-4E29-BC2D-DB66B81163C5}.Release|Any CPU.Build.0 = Release|Any CPU
		{7EC71C6E-E769-4C9E-8327-C72B0724B1B7}.Debug|Any CPU.ActiveCfg = Debug|Any CPU
		{7EC71C6E-E769-4C9E-8327-C72B0724B1B7}.Debug|Any CPU.Build.0 = Debug|Any CPU
		{7EC71C6E-E769-4C9E-8327-C72B0724B1B7}.Release|Any CPU.ActiveCfg = Release|Any CPU
		{7EC71C6E-E769-4C9E-8327-C72B0724B1B7}.Release|Any CPU.Build.0 = Release|Any CPU
		{57FAA58F-AE3F-4453-B447-23F48DA8E86D}.Debug|Any CPU.ActiveCfg = Debug|Any CPU
		{57FAA58F-AE3F-4453-B447-23F48DA8E86D}.Debug|Any CPU.Build.0 = Debug|Any CPU
		{57FAA58F-AE3F-4453-B447-23F48DA8E86D}.Release|Any CPU.ActiveCfg = Release|Any CPU
		{57FAA58F-AE3F-4453-B447-23F48DA8E86D}.Release|Any CPU.Build.0 = Release|Any CPU
		{CACCF55D-48D8-4BCF-B101-ED6FD8F35C1B}.Debug|Any CPU.ActiveCfg = Debug|Any CPU
		{CACCF55D-48D8-4BCF-B101-ED6FD8F35C1B}.Debug|Any CPU.Build.0 = Debug|Any CPU
		{CACCF55D-48D8-4BCF-B101-ED6FD8F35C1B}.Release|Any CPU.ActiveCfg = Release|Any CPU
		{CACCF55D-48D8-4BCF-B101-ED6FD8F35C1B}.Release|Any CPU.Build.0 = Release|Any CPU
		{32B0D9C1-1D9E-4FD2-85D9-680B27FA0C3D}.Debug|Any CPU.ActiveCfg = Debug|Any CPU
		{32B0D9C1-1D9E-4FD2-85D9-680B27FA0C3D}.Debug|Any CPU.Build.0 = Debug|Any CPU
		{32B0D9C1-1D9E-4FD2-85D9-680B27FA0C3D}.Release|Any CPU.ActiveCfg = Release|Any CPU
		{32B0D9C1-1D9E-4FD2-85D9-680B27FA0C3D}.Release|Any CPU.Build.0 = Release|Any CPU
	EndGlobalSection
	GlobalSection(SolutionProperties) = preSolution
		HideSolutionNode = FALSE
	EndGlobalSection
	GlobalSection(ExtensibilityGlobals) = postSolution
		SolutionGuid = {05423193-F3EA-4A89-B26D-FD556B6E61CB}
	EndGlobalSection
EndGlobal
